
Microsoft Visual Studio Solution File, Format Version 12.00
# Visual Studio Version 17
VisualStudioVersion = 17.6.33815.320
MinimumVisualStudioVersion = 10.0.40219.1
Project("{FAE04EC0-301F-11D3-BF4B-00C04F79EFBC}") = "FastX-Rider", "FastX-Rider\FastX-Rider.csproj", "{23459D21-9F82-471C-AE84-DB53A59C3CB4}"
EndProject
Project("{FAE04EC0-301F-11D3-BF4B-00C04F79EFBC}") = "BLL", "BLL\BLL.csproj", "{521E7A54-4D11-462A-9074-4BD2D77FC189}"
EndProject
Project("{FAE04EC0-301F-11D3-BF4B-00C04F79EFBC}") = "DAL", "DAL\DAL.csproj", "{08DA69A0-205C-4792-B248-E5FB601C7B5B}"
EndProject
Global
	GlobalSection(SolutionConfigurationPlatforms) = preSolution
		Debug|Any CPU = Debug|Any CPU
		Release|Any CPU = Release|Any CPU
	EndGlobalSection
	GlobalSection(ProjectConfigurationPlatforms) = postSolution
		{23459D21-9F82-471C-AE84-DB53A59C3CB4}.Debug|Any CPU.ActiveCfg = Debug|Any CPU
		{23459D21-9F82-471C-AE84-DB53A59C3CB4}.Debug|Any CPU.Build.0 = Debug|Any CPU
		{23459D21-9F82-471C-AE84-DB53A59C3CB4}.Release|Any CPU.ActiveCfg = Release|Any CPU
		{23459D21-9F82-471C-AE84-DB53A59C3CB4}.Release|Any CPU.Build.0 = Release|Any CPU
		{521E7A54-4D11-462A-9074-4BD2D77FC189}.Debug|Any CPU.ActiveCfg = Debug|Any CPU
		{521E7A54-4D11-462A-9074-4BD2D77FC189}.Debug|Any CPU.Build.0 = Debug|Any CPU
		{521E7A54-4D11-462A-9074-4BD2D77FC189}.Release|Any CPU.ActiveCfg = Release|Any CPU
		{521E7A54-4D11-462A-9074-4BD2D77FC189}.Release|Any CPU.Build.0 = Release|Any CPU
		{08DA69A0-205C-4792-B248-E5FB601C7B5B}.Debug|Any CPU.ActiveCfg = Debug|Any CPU
		{08DA69A0-205C-4792-B248-E5FB601C7B5B}.Debug|Any CPU.Build.0 = Debug|Any CPU
		{08DA69A0-205C-4792-B248-E5FB601C7B5B}.Release|Any CPU.ActiveCfg = Release|Any CPU
		{08DA69A0-205C-4792-B248-E5FB601C7B5B}.Release|Any CPU.Build.0 = Release|Any CPU
	EndGlobalSection
	GlobalSection(SolutionProperties) = preSolution
		HideSolutionNode = FALSE
	EndGlobalSection
	GlobalSection(ExtensibilityGlobals) = postSolution
		SolutionGuid = {9A10AB34-982B-43CA-97DF-99E7746E759D}
	EndGlobalSection
EndGlobal
